lockfileVersion: '9.0'

settings:
  autoInstallPeers: true
  excludeLinksFromLockfile: false

importers:

  .:
    devDependencies:
      '@biomejs/biome':
        specifier: ^2.4.10
        version: 2.4.10
      '@playwright/test':
        specifier: ^1.59.0
        version: 1.59.0
      '@rsbuild/core':
        specifier: ^1.7.5
        version: 1.7.5
      '@rslib/core':
        specifier: ^0.20.2
        version: 0.20.2(core-js@3.47.0)(typescript@5.9.3)
      '@types/node':
        specifier: ^24.12.0
        version: 24.12.0
      playwright:
        specifier: ^1.59.0
        version: 1.59.0
      rsbuild-plugin-virtual-module:
        specifier: workspace:*
        version: 'link:'
      simple-git-hooks:
        specifier: ^2.13.1
        version: 2.13.1
      typescript:
        specifier: ^5.9.3
        version: 5.9.3

  playground: {}

packages:

  '@ast-grep/napi-darwin-arm64@0.37.0':
    resolution: {integrity: sha512-QAiIiaAbLvMEg/yBbyKn+p1gX2/FuaC0SMf7D7capm/oG4xGMzdeaQIcSosF4TCxxV+hIH4Bz9e4/u7w6Bnk3Q==}
    engines: {node: '>= 10'}
    cpu: [arm64]
    os: [darwin]

  '@ast-grep/napi-darwin-x64@0.37.0':
    resolution: {integrity: sha512-zvcvdgekd4ySV3zUbUp8HF5nk5zqwiMXTuVzTUdl/w08O7JjM6XPOIVT+d2o/MqwM9rsXdzdergY5oY2RdhSPA==}
    engines: {node: '>= 10'}
    cpu: [x64]
    os: [darwin]

  '@ast-grep/napi-linux-arm64-gnu@0.37.0':
    resolution: {integrity: sha512-L7Sj0lXy8X+BqSMgr1LB8cCoWk0rericdeu+dC8/c8zpsav5Oo2IQKY1PmiZ7H8IHoFBbURLf8iklY9wsD+cyA==}
    engines: {node: '>= 10'}
    cpu: [arm64]
    os: [linux]
    libc: [glibc]

  '@ast-grep/napi-linux-arm64-musl@0.37.0':
    resolution: {integrity: sha512-LF9sAvYy6es/OdyJDO3RwkX3I82Vkfsng1sqUBcoWC1jVb1wX5YVzHtpQox9JrEhGl+bNp7FYxB4Qba9OdA5GA==}
    engines: {node: '>= 10'}
    cpu: [arm64]
    os: [linux]
    libc: [musl]

  '@ast-grep/napi-linux-x64-gnu@0.37.0':
    resolution: {integrity: sha512-TViz5/klqre6aSmJzswEIjApnGjJzstG/SE8VDWsrftMBMYt2PTu3MeluZVwzSqDao8doT/P+6U11dU05UOgxw==}
    engines: {node: '>= 10'}
    cpu: [x64]
    os: [linux]
    libc: [glibc]

  '@ast-grep/napi-linux-x64-musl@0.37.0':
    resolution: {integrity: sha512-/BcCH33S9E3ovOAEoxYngUNXgb+JLg991sdyiNP2bSoYd30a9RHrG7CYwW6fMgua3ijQ474eV6cq9yZO1bCpXg==}
    engines: {node: '>= 10'}
    cpu: [x64]
    os: [linux]
    libc: [musl]

  '@ast-grep/napi-win32-arm64-msvc@0.37.0':
    resolution: {integrity: sha512-TjQA4cFoIEW2bgjLkaL9yqT4XWuuLa5MCNd0VCDhGRDMNQ9+rhwi9eLOWRaap3xzT7g+nlbcEHL3AkVCD2+b3A==}
    engines: {node: '>= 10'}
    cpu: [arm64]
    os: [win32]

  '@ast-grep/napi-win32-ia32-msvc@0.37.0':
    resolution: {integrity: sha512-uNmVka8fJCdYsyOlF9aZqQMLTatEYBynjChVTzUfFMDfmZ0bihs/YTqJVbkSm8TZM7CUX82apvn50z/dX5iWRA==}
    engines: {node: '>= 10'}
    cpu: [ia32]
    os: [win32]

  '@ast-grep/napi-win32-x64-msvc@0.37.0':
    resolution: {integrity: sha512-vCiFOT3hSCQuHHfZ933GAwnPzmL0G04JxQEsBRfqONywyT8bSdDc/ECpAfr3S9VcS4JZ9/F6tkePKW/Om2Dq2g==}
    engines: {node: '>= 10'}
    cpu: [x64]
    os: [win32]

  '@ast-grep/napi@0.37.0':
    resolution: {integrity: sha512-Hb4o6h1Pf6yRUAX07DR4JVY7dmQw+RVQMW5/m55GoiAT/VRoKCWBtIUPPOnqDVhbx1Cjfil9b6EDrgJsUAujEQ==}
    engines: {node: '>= 10'}

  '@biomejs/biome@2.4.10':
    resolution: {integrity: sha512-xxA3AphFQ1geij4JTHXv4EeSTda1IFn22ye9LdyVPoJU19fNVl0uzfEuhsfQ4Yue/0FaLs2/ccVi4UDiE7R30w==}
    engines: {node: '>=14.21.3'}
    hasBin: true

  '@biomejs/cli-darwin-arm64@2.4.10':
    resolution: {integrity: sha512-vuzzI1cWqDVzOMIkYyHbKqp+AkQq4K7k+UCXWpkYcY/HDn1UxdsbsfgtVpa40shem8Kax4TLDLlx8kMAecgqiw==}
    engines: {node: '>=14.21.3'}
    cpu: [arm64]
    os: [darwin]

  '@biomejs/cli-darwin-x64@2.4.10':
    resolution: {integrity: sha512-14fzASRo+BPotwp7nWULy2W5xeUyFnTaq1V13Etrrxkrih+ez/2QfgFm5Ehtf5vSjtgx/IJycMMpn5kPd5ZNaA==}
    engines: {node: '>=14.21.3'}
    cpu: [x64]
    os: [darwin]

  '@biomejs/cli-linux-arm64-musl@2.4.10':
    resolution: {integrity: sha512-WrJY6UuiSD/Dh+nwK2qOTu8kdMDlLV3dLMmychIghHPAysWFq1/DGC1pVZx8POE3ZkzKR3PUUnVrtZfMfaJjyQ==}
    engines: {node: '>=14.21.3'}
    cpu: [arm64]
    os: [linux]
    libc: [musl]

  '@biomejs/cli-linux-arm64@2.4.10':
    resolution: {integrity: sha512-7MH1CMW5uuxQ/s7FLST63qF8B3Hgu2HRdZ7tA1X1+mk+St4JOuIrqdhIBnnyqeyWJNI+Bww7Es5QZ0wIc1Cmkw==}
    engines: {node: '>=14.21.3'}
    cpu: [arm64]
    os: [linux]
    libc: [glibc]

  '@biomejs/cli-linux-x64-musl@2.4.10':
    resolution: {integrity: sha512-kDTi3pI6PBN6CiczsWYOyP2zk0IJI08EWEQyDMQWW221rPaaEz6FvjLhnU07KMzLv8q3qSuoB93ua6inSQ55Tw==}
    engines: {node: '>=14.21.3'}
    cpu: [x64]
    os: [linux]
    libc: [musl]

  '@biomejs/cli-linux-x64@2.4.10':
    resolution: {integrity: sha512-tZLvEEi2u9Xu1zAqRjTcpIDGVtldigVvzug2fTuPG0ME/g8/mXpRPcNgLB22bGn6FvLJpHHnqLnwliOu8xjYrg==}
    engines: {node: '>=14.21.3'}
    cpu: [x64]
    os: [linux]
    libc: [glibc]

  '@biomejs/cli-win32-arm64@2.4.10':
    resolution: {integrity: sha512-umwQU6qPzH+ISTf/eHyJ/QoQnJs3V9Vpjz2OjZXe9MVBZ7prgGafMy7yYeRGnlmDAn87AKTF3Q6weLoMGpeqdQ==}
    engines: {node: '>=14.21.3'}
    cpu: [arm64]
    os: [win32]

  '@biomejs/cli-win32-x64@2.4.10':
    resolution: {integrity: sha512-aW/JU5GuyH4uxMrNYpoC2kjaHlyJGLgIa3XkhPEZI0uKhZhJZU8BuEyJmvgzSPQNGozBwWjC972RaNdcJ9KyJg==}
    engines: {node: '>=14.21.3'}
    cpu: [x64]
    os: [win32]

  '@emnapi/core@1.5.0':
    resolution: {integrity: sha512-sbP8GzB1WDzacS8fgNPpHlp6C9VZe+SJP3F90W9rLemaQj2PzIuTEl1qDOYQf58YIpyjViI24y9aPWCjEzY2cg==}

  '@emnapi/core@1.9.1':
    resolution: {integrity: sha512-mukuNALVsoix/w1BJwFzwXBN/dHeejQtuVzcDsfOEsdpCumXb/E9j8w11h5S54tT1xhifGfbbSm/ICrObRb3KA==}

  '@emnapi/runtime@1.5.0':
    resolution: {integrity: sha512-97/BJ3iXHww3djw6hYIfErCZFee7qCtrneuLa20UXFCOTCfBM2cvQHjWJ2EG0s0MtdNwInarqCTz35i4wWXHsQ==}

  '@emnapi/runtime@1.9.1':
    resolution: {integrity: sha512-VYi5+ZVLhpgK4hQ0TAjiQiZ6ol0oe4mBx7mVv7IflsiEp0OWoVsp/+f9Vc1hOhE0TtkORVrI1GvzyreqpgWtkA==}

  '@emnapi/wasi-threads@1.1.0':
    resolution: {integrity: sha512-WI0DdZ8xFSbgMjR1sFsKABJ/C5OnRrjT06JXbZKexJGrDuPTzZdDYfFlsgcCXCyf+suG5QU2e/y1Wo2V/OapLQ==}

  '@emnapi/wasi-threads@1.2.0':
    resolution: {integrity: sha512-N10dEJNSsUx41Z6pZsXU8FjPjpBEplgH24sfkmITrBED1/U2Esum9F3lfLrMjKHHjmi557zQn7kR9R+XWXu5Rg==}

  '@module-federation/error-codes@0.22.0':
    resolution: {integrity: sha512-xF9SjnEy7vTdx+xekjPCV5cIHOGCkdn3pIxo9vU7gEZMIw0SvAEdsy6Uh17xaCpm8V0FWvR0SZoK9Ik6jGOaug==}

  '@module-federation/runtime-core@0.22.0':
    resolution: {integrity: sha512-GR1TcD6/s7zqItfhC87zAp30PqzvceoeDGYTgF3Vx2TXvsfDrhP6Qw9T4vudDQL3uJRne6t7CzdT29YyVxlgIA==}

  '@module-federation/runtime-tools@0.22.0':
    resolution: {integrity: sha512-4ScUJ/aUfEernb+4PbLdhM/c60VHl698Gn1gY21m9vyC1Ucn69fPCA1y2EwcCB7IItseRMoNhdcWQnzt/OPCNA==}

  '@module-federation/runtime@0.22.0':
    resolution: {integrity: sha512-38g5iPju2tPC3KHMPxRKmy4k4onNp6ypFPS1eKGsNLUkXgHsPMBFqAjDw96iEcjri91BrahG4XcdyKi97xZzlA==}

  '@module-federation/sdk@0.22.0':
    resolution: {integrity: sha512-x4aFNBKn2KVQRuNVC5A7SnrSCSqyfIWmm1DvubjbO9iKFe7ith5niw8dqSFBekYBg2Fwy+eMg4sEFNVvCAdo6g==}

  '@module-federation/webpack-bundler-runtime@0.22.0':
    resolution: {integrity: sha512-aM8gCqXu+/4wBmJtVeMeeMN5guw3chf+2i6HajKtQv7SJfxV/f4IyNQJUeUQu9HfiAZHjqtMV5Lvq/Lvh8LdyA==}

  '@napi-rs/wasm-runtime@1.0.7':
    resolution: {integrity: sha512-SeDnOO0Tk7Okiq6DbXmmBODgOAb9dp9gjlphokTUxmt8U3liIP1ZsozBahH69j/RJv+Rfs6IwUKHTgQYJ/HBAw==}

  '@napi-rs/wasm-runtime@1.1.1':
    resolution: {integrity: sha512-p64ah1M1ld8xjWv3qbvFwHiFVWrq1yFvV4f7w+mzaqiR4IlSgkqhcRdHwsGgomwzBH51sRY4NEowLxnaBjcW/A==}

  '@playwright/test@1.59.0':
    resolution: {integrity: sha512-TOA5sTLd49rTDaZpYpvCQ9hGefHQq/OYOyCVnGqS2mjMfX+lGZv2iddIJd0I48cfxqSPttS9S3OuLKyylHcO1w==}
    engines: {node: '>=18'}
    hasBin: true

  '@rsbuild/core@1.7.5':
    resolution: {integrity: sha512-i37urpoV4y9NSsGiUOuLdoI42KJ5h4gAZ8EG8Ilmsond3bxoAoOCu7YvC+1pJ7p+r16suVPW8cki891ZKHOoXQ==}
    engines: {node: '>=18.12.0'}
    hasBin: true

  '@rsbuild/core@2.0.0-beta.11':
    resolution: {integrity: sha512-IBbQx7SrnSpD7j2p2qyq3qDxoqmG4E6lcflTpbBitX6iUrzpVRQbP4rktXZ2iuY7ph9+FtUK/SVAVA+Ocm3Nig==}
    engines: {node: ^20.19.0 || >=22.12.0}
    hasBin: true
    peerDependencies:
      core-js: '>= 3.0.0'
    peerDependenciesMeta:
      core-js:
        optional: true

  '@rslib/core@0.20.2':
    resolution: {integrity: sha512-NJk2GasIvgfZdQ9CUTh/JxFvlhKiBv9BOa8GsnRrkRZ62CzSVrfiCT+FaBnqMk5adt+m2T9n+4Clrm6Rl0eoGw==}
    engines: {node: ^20.19.0 || >=22.12.0}
    hasBin: true
    peerDependencies:
      '@microsoft/api-extractor': ^7
      typescript: ^5 || ^6
    peerDependenciesMeta:
      '@microsoft/api-extractor':
        optional: true
      typescript:
        optional: true

  '@rspack/binding-darwin-arm64@1.7.11':
    resolution: {integrity: sha512-oduECiZVqbO5zlVw+q7Vy65sJFth99fWPTyucwvLJJtJkPL5n17Uiql2cYP6Ijn0pkqtf1SXgK8WjiKLG5bIig==}
    cpu: [arm64]
    os: [darwin]

  '@rspack/binding-darwin-arm64@2.0.0-beta.9':
    resolution: {integrity: sha512-9Aao24b+lrVGG25itl2c7e6HK6eNH5J5ao1Uq5UoSwSJZOxRPuY+QlHIvE2tyt833Ly9qcT1J7os2AIUNlF6Vw==}
    cpu: [arm64]
    os: [darwin]

  '@rspack/binding-darwin-x64@1.7.11':
    resolution: {integrity: sha512-a1+TtTE9ap6RalgFi7FGIgkJP6O4Vy6ctv+9WGJy53E4kuqHR0RygzaiVxCI/GMc/vBT9vY23hyrpWb3d1vtXA==}
    cpu: [x64]
    os: [darwin]

  '@rspack/binding-darwin-x64@2.0.0-beta.9':
    resolution: {integrity: sha512-sP6gusMsxm3W4aHpRsmVaBQU09n1p/1+XpLHT/gZy6nJ7Wy3nqfNKNoybNBORwCuFcGUon6cVRcieN9AEm6iJA==}
    cpu: [x64]
    os: [darwin]

  '@rspack/binding-linux-arm64-gnu@1.7.11':
    resolution: {integrity: sha512-P0QrGRPbTWu6RKWfN0bDtbnEps3rXH0MWIMreZABoUrVmNQKtXR6e73J3ub6a+di5s2+K0M2LJ9Bh2/H4UsDUA==}
    cpu: [arm64]
    os: [linux]
    libc: [glibc]

  '@rspack/binding-linux-arm64-gnu@2.0.0-beta.9':
    resolution: {integrity: sha512-k2DPN3B2qaz4L/h/R+l7rbDk/lLwbR/sayfsHZ8sLdZ3f6pvaSI9ejrsFv0nU4OmKCQsz4zYuoKTVFPtDfbGjA==}
    cpu: [arm64]
    os: [linux]
    libc: [glibc]

  '@rspack/binding-linux-arm64-musl@1.7.11':
    resolution: {integrity: sha512-6ky7R43VMjWwmx3Yx7Jl7faLBBMAgMDt+/bN35RgwjiPgsIByz65EwytUVuW9rikB43BGHvA/eqlnjLrUzNBqw==}
    cpu: [arm64]
    os: [linux]
    libc: [musl]

  '@rspack/binding-linux-arm64-musl@2.0.0-beta.9':
    resolution: {integrity: sha512-7+XwAsqhfc2rIHMc9mY6RMBTP76RRqmUm1UjidqYdJl5hYBa5apffjeZfJYgAhVbSwKB/tUffzPpEffGUuc5kw==}
    cpu: [arm64]
    os: [linux]
    libc: [musl]

  '@rspack/binding-linux-x64-gnu@1.7.11':
    resolution: {integrity: sha512-cuOJMfCOvb2Wgsry5enXJ3iT1FGUjdPqtGUBVupQlEG4ntSYsQ2PtF4wIDVasR3wdxC5nQbipOrDiN/u6fYsdQ==}
    cpu: [x64]
    os: [linux]
    libc: [glibc]

  '@rspack/binding-linux-x64-gnu@2.0.0-beta.9':
    resolution: {integrity: sha512-z/EOUKEq5rq4sYsVSFL9uzdPtTPVA82x3gsRJlDTfEcruZZI7Y6JKUkpDYkC0LivXqyOnoOz8slAFd2/dByRtA==}
    cpu: [x64]
    os: [linux]
    libc: [glibc]

  '@rspack/binding-linux-x64-musl@1.7.11':
    resolution: {integrity: sha512-CoK37hva4AmHGh3VCsQXmGr40L36m1/AdnN5LEjUX6kx5rEH7/1nEBN6Ii72pejqDVvk9anEROmPDiPw10tpFg==}
    cpu: [x64]
    os: [linux]
    libc: [musl]

  '@rspack/binding-linux-x64-musl@2.0.0-beta.9':
    resolution: {integrity: sha512-LVIXrqtAOy/DowIB04jyUyYy+5kHtZNJ0W5EJd39OwY/9gGvhgAEVvSWu7JrRAvKW1kQsV7GnRT5ninbDrRw1A==}
    cpu: [x64]
    os: [linux]
    libc: [musl]

  '@rspack/binding-wasm32-wasi@1.7.11':
    resolution: {integrity: sha512-OtrmnPUVJMxjNa3eDMfHyPdtlLRmmp/aIm0fQHlAOATbZvlGm12q7rhPW5BXTu1yh+1rQ1/uqvz+SzKEZXuJaQ==}
    cpu: [wasm32]

  '@rspack/binding-wasm32-wasi@2.0.0-beta.9':
    resolution: {integrity: sha512-Vl7aDAt7DCqtZ/RJd8hLFjQqufX+efL/XZG3qADsagl/SspH1ItJ7N6X1S8o50eKoshy27Jr7mQYZEdufX9qhQ==}
    cpu: [wasm32]

  '@rspack/binding-win32-arm64-msvc@1.7.11':
    resolution: {integrity: sha512-lObFW6e5lCWNgTBNwT//yiEDbsxm9QG4BYUojqeXxothuzJ/L6ibXz6+gLMvbOvLGV3nKgkXmx8GvT9WDKR0mA==}
    cpu: [arm64]
    os: [win32]

  '@rspack/binding-win32-arm64-msvc@2.0.0-beta.9':
    resolution: {integrity: sha512-g4Fc3JjfibuHt5ltoV64eK0bs6NKlh8kgHA8Go3ETwEGO6OBck877e+5CqPtjTH8c1/KQPbnCoccGR1OScoZGg==}
    cpu: [arm64]
    os: [win32]

  '@rspack/binding-win32-ia32-msvc@1.7.11':
    resolution: {integrity: sha512-0pYGnZd8PPqNR68zQ8skamqNAXEA1sUfXuAdYcknIIRq2wsbiwFzIc0Pov1cIfHYab37G7sSIPBiOUdOWF5Ivw==}
    cpu: [ia32]
    os: [win32]

  '@rspack/binding-win32-ia32-msvc@2.0.0-beta.9':
    resolution: {integrity: sha512-Oii4HpCEH3CBDKSXcS6EVlV9nGYVKAV/uBLSsuZ0RNdEG0i+OHvEiicqHAwuIYZNlH4Ea/Vwc+Dl5PM2twCZ4Q==}
    cpu: [ia32]
    os: [win32]

  '@rspack/binding-win32-x64-msvc@1.7.11':
    resolution: {integrity: sha512-EeQXayoQk/uBkI3pdoXfQBXNIUrADq56L3s/DFyM2pJeUDrWmhfIw2UFIGkYPTMSCo8F2JcdcGM32FGJrSnU0Q==}
    cpu: [x64]
    os: [win32]

  '@rspack/binding-win32-x64-msvc@2.0.0-beta.9':
    resolution: {integrity: sha512-7UFjyy7QMtWvf1CBEVQkHL6bJBKaVY9yq9+Qxb7ggtxvpBbkoYykdsrhMTvr/f5TBjBqHmyeb0/oYXqo5pWFBQ==}
    cpu: [x64]
    os: [win32]

  '@rspack/binding@1.7.11':
    resolution: {integrity: sha512-2MGdy2s2HimsDT444Bp5XnALzNRxuBNc7y0JzyuqKbHBywd4x2NeXyhWXXoxufaCFu5PBc9Qq9jyfjW2Aeh06Q==}

  '@rspack/binding@2.0.0-beta.9':
    resolution: {integrity: sha512-QgkOvzl6BJc4Vg5eaY9r7MkHNfXvVZPgTIeYkdBEOYPowdyCLhlG9vH7QltqLKP9KDNel70YIeMyUrpTqez01w==}

  '@rspack/core@1.7.11':
    resolution: {integrity: sha512-rsD9b+Khmot5DwCMiB3cqTQo53ioPG3M/A7BySu8+0+RS7GCxKm+Z+mtsjtG/vsu4Tn2tcqCdZtA3pgLoJB+ew==}
    engines: {node: '>=18.12.0'}
    peerDependencies:
      '@swc/helpers': '>=0.5.1'
    peerDependenciesMeta:
      '@swc/helpers':
        optional: true

  '@rspack/core@2.0.0-beta.9':
    resolution: {integrity: sha512-4sN3f72l4cj8n/dSCdWn6FkSjfHiDxHWrO1Kmqd0Bk0MmgyW+ldHitsSWPETCAxjTJGXY34r5sou5sYzb0DRww==}
    engines: {node: ^20.19.0 || >=22.12.0}
    peerDependencies:
      '@module-federation/runtime-tools': ^0.24.1 || ^2.0.0
      '@swc/helpers': '>=0.5.1'
    peerDependenciesMeta:
      '@module-federation/runtime-tools':
        optional: true
      '@swc/helpers':
        optional: true

  '@rspack/lite-tapable@1.1.0':
    resolution: {integrity: sha512-E2B0JhYFmVAwdDiG14+DW0Di4Ze4Jg10Pc4/lILUrd5DRCaklduz2OvJ5HYQ6G+hd+WTzqQb3QnDNfK4yvAFYw==}

  '@swc/helpers@0.5.20':
    resolution: {integrity: sha512-2egEBHUMasdypIzrprsu8g+OEVd7Vp2MM3a2eVlM/cyFYto0nGz5BX5BTgh/ShZZI9ed+ozEq+Ngt+rgmUs8tw==}

  '@tybys/wasm-util@0.10.1':
    resolution: {integrity: sha512-9tTaPJLSiejZKx+Bmog4uSubteqTvFrVrURwkmHixBo0G4seD0zUxp98E1DzUBJxLQ3NPwXrGKDiVjwx/DpPsg==}

  '@types/node@24.12.0':
    resolution: {integrity: sha512-GYDxsZi3ChgmckRT9HPU0WEhKLP08ev/Yfcq2AstjrDASOYCSXeyjDsHg4v5t4jOj7cyDX3vmprafKlWIG9MXQ==}

  core-js@3.47.0:
    resolution: {integrity: sha512-c3Q2VVkGAUyupsjRnaNX6u8Dq2vAdzm9iuPj5FW0fRxzlxgq9Q39MDq10IvmQSpLgHQNyQzQmOo6bgGHmH3NNg==}

  fsevents@2.3.2:
    resolution: {integrity: sha512-xiqMQR4xAeHTuB9uWm+fFRcIOgKBMiOBP+eXiyT7jsgVCq1bkVygt00oASowB7EdtpOHaaPgKt812P9ab+DDKA==}
    engines: {node: ^8.16.0 || ^10.6.0 || >=11.0.0}
    os: [darwin]

  jiti@2.6.1:
    resolution: {integrity: sha512-ekilCSN1jwRvIbgeg/57YFh8qQDNbwDb9xT/qu2DAHbFFZUicIl4ygVaAvzveMhMVr3LnpSKTNnwt8PoOfmKhQ==}
    hasBin: true

  playwright-core@1.59.0:
    resolution: {integrity: sha512-PW/X/IoZ6BMUUy8rpwHEZ8Kc0IiLIkgKYGNFaMs5KmQhcfLILNx9yCQD0rnWeWfz1PNeqcFP1BsihQhDOBCwZw==}
    engines: {node: '>=18'}
    hasBin: true

  playwright@1.59.0:
    resolution: {integrity: sha512-wihGScriusvATUxmhfENxg0tj1vHEFeIwxlnPFKQTOQVd7aG08mUfvvniRP/PtQOC+2Bs52kBOC/Up1jTXeIbw==}
    engines: {node: '>=18'}
    hasBin: true

  rsbuild-plugin-dts@0.20.2:
    resolution: {integrity: sha512-GM2sNAXjMgm8X3HrASn6znHLoxkGRqQZrdbGqaV0nqzqIz1h9JF3PlsUAcI6iAxzWQYuTwNfIly2SnKzsB/PjA==}
    engines: {node: ^20.19.0 || >=22.12.0}
    peerDependencies:
      '@microsoft/api-extractor': ^7
      '@rsbuild/core': ^1.0.0 || ^2.0.0-0
      '@typescript/native-preview': 7.x
      typescript: ^5 || ^6
    peerDependenciesMeta:
      '@microsoft/api-extractor':
        optional: true
      '@typescript/native-preview':
        optional: true
      typescript:
        optional: true

  simple-git-hooks@2.13.1:
    resolution: {integrity: sha512-WszCLXwT4h2k1ufIXAgsbiTOazqqevFCIncOuUBZJ91DdvWcC5+OFkluWRQPrcuSYd8fjq+o2y1QfWqYMoAToQ==}
    hasBin: true

  tslib@2.8.1:
    resolution: {integrity: sha512-oJFu94HQb+KVduSUQL7wnpmqnfmLsOA/nAh6b6EH0wCEoK0/mPeXU6c3wKDV83MkOuHPRHtSXKKU99IBazS/2w==}

  typescript@5.9.3:
    resolution: {integrity: sha512-jl1vZzPDinLr9eUt3J/t7V6FgNEw9QjvBPdysz9KfQDD41fQrC2Y4vKQdiaUpFT4bXlb1RHhLpp8wtm6M5TgSw==}
    engines: {node: '>=14.17'}
    hasBin: true

  undici-types@7.16.0:
    resolution: {integrity: sha512-Zz+aZWSj8LE6zoxD+xrjh4VfkIG8Ya6LvYkZqtUQGJPZjYl53ypCaUwWqo7eI0x66KBGeRo+mlBEkMSeSZ38Nw==}

snapshots:

  '@ast-grep/napi-darwin-arm64@0.37.0':
    optional: true

  '@ast-grep/napi-darwin-x64@0.37.0':
    optional: true

  '@ast-grep/napi-linux-arm64-gnu@0.37.0':
    optional: true

  '@ast-grep/napi-linux-arm64-musl@0.37.0':
    optional: true

  '@ast-grep/napi-linux-x64-gnu@0.37.0':
    optional: true

  '@ast-grep/napi-linux-x64-musl@0.37.0':
    optional: true

  '@ast-grep/napi-win32-arm64-msvc@0.37.0':
    optional: true

  '@ast-grep/napi-win32-ia32-msvc@0.37.0':
    optional: true

  '@ast-grep/napi-win32-x64-msvc@0.37.0':
    optional: true

  '@ast-grep/napi@0.37.0':
    optionalDependencies:
      '@ast-grep/napi-darwin-arm64': 0.37.0
      '@ast-grep/napi-darwin-x64': 0.37.0
      '@ast-grep/napi-linux-arm64-gnu': 0.37.0
      '@ast-grep/napi-linux-arm64-musl': 0.37.0
      '@ast-grep/napi-linux-x64-gnu': 0.37.0
      '@ast-grep/napi-linux-x64-musl': 0.37.0
      '@ast-grep/napi-win32-arm64-msvc': 0.37.0
      '@ast-grep/napi-win32-ia32-msvc': 0.37.0
      '@ast-grep/napi-win32-x64-msvc': 0.37.0

  '@biomejs/biome@2.4.10':
    optionalDependencies:
      '@biomejs/cli-darwin-arm64': 2.4.10
      '@biomejs/cli-darwin-x64': 2.4.10
      '@biomejs/cli-linux-arm64': 2.4.10
      '@biomejs/cli-linux-arm64-musl': 2.4.10
      '@biomejs/cli-linux-x64': 2.4.10
      '@biomejs/cli-linux-x64-musl': 2.4.10
      '@biomejs/cli-win32-arm64': 2.4.10
      '@biomejs/cli-win32-x64': 2.4.10

  '@biomejs/cli-darwin-arm64@2.4.10':
    optional: true

  '@biomejs/cli-darwin-x64@2.4.10':
    optional: true

  '@biomejs/cli-linux-arm64-musl@2.4.10':
    optional: true

  '@biomejs/cli-linux-arm64@2.4.10':
    optional: true

  '@biomejs/cli-linux-x64-musl@2.4.10':
    optional: true

  '@biomejs/cli-linux-x64@2.4.10':
    optional: true

  '@biomejs/cli-win32-arm64@2.4.10':
    optional: true

  '@biomejs/cli-win32-x64@2.4.10':
    optional: true

  '@emnapi/core@1.5.0':
    dependencies:
      '@emnapi/wasi-threads': 1.1.0
      tslib: 2.8.1
    optional: true

  '@emnapi/core@1.9.1':
    dependencies:
      '@emnapi/wasi-threads': 1.2.0
      tslib: 2.8.1
    optional: true

  '@emnapi/runtime@1.5.0':
    dependencies:
      tslib: 2.8.1
    optional: true

  '@emnapi/runtime@1.9.1':
    dependencies:
      tslib: 2.8.1
    optional: true

  '@emnapi/wasi-threads@1.1.0':
    dependencies:
      tslib: 2.8.1
    optional: true

  '@emnapi/wasi-threads@1.2.0':
    dependencies:
      tslib: 2.8.1
    optional: true

  '@module-federation/error-codes@0.22.0': {}

  '@module-federation/runtime-core@0.22.0':
    dependencies:
      '@module-federation/error-codes': 0.22.0
      '@module-federation/sdk': 0.22.0

  '@module-federation/runtime-tools@0.22.0':
    dependencies:
      '@module-federation/runtime': 0.22.0
      '@module-federation/webpack-bundler-runtime': 0.22.0

  '@module-federation/runtime@0.22.0':
    dependencies:
      '@module-federation/error-codes': 0.22.0
      '@module-federation/runtime-core': 0.22.0
      '@module-federation/sdk': 0.22.0

  '@module-federation/sdk@0.22.0': {}

  '@module-federation/webpack-bundler-runtime@0.22.0':
    dependencies:
      '@module-federation/runtime': 0.22.0
      '@module-federation/sdk': 0.22.0

  '@napi-rs/wasm-runtime@1.0.7':
    dependencies:
      '@emnapi/core': 1.5.0
      '@emnapi/runtime': 1.5.0
      '@tybys/wasm-util': 0.10.1
    optional: true

  '@napi-rs/wasm-runtime@1.1.1':
    dependencies:
      '@emnapi/core': 1.9.1
      '@emnapi/runtime': 1.9.1
      '@tybys/wasm-util': 0.10.1
    optional: true

  '@playwright/test@1.59.0':
    dependencies:
      playwright: 1.59.0

  '@rsbuild/core@1.7.5':
    dependencies:
      '@rspack/core': 1.7.11(@swc/helpers@0.5.20)
      '@rspack/lite-tapable': 1.1.0
      '@swc/helpers': 0.5.20
      core-js: 3.47.0
      jiti: 2.6.1

  '@rsbuild/core@2.0.0-beta.11(core-js@3.47.0)':
    dependencies:
      '@rspack/core': 2.0.0-beta.9(@swc/helpers@0.5.20)
      '@swc/helpers': 0.5.20
    optionalDependencies:
      core-js: 3.47.0
    transitivePeerDependencies:
      - '@module-federation/runtime-tools'

  '@rslib/core@0.20.2(core-js@3.47.0)(typescript@5.9.3)':
    dependencies:
      '@rsbuild/core': 2.0.0-beta.11(core-js@3.47.0)
      rsbuild-plugin-dts: 0.20.2(@rsbuild/core@2.0.0-beta.11(core-js@3.47.0))(typescript@5.9.3)
    optionalDependencies:
      typescript: 5.9.3
    transitivePeerDependencies:
      - '@module-federation/runtime-tools'
      - '@typescript/native-preview'
      - core-js

  '@rspack/binding-darwin-arm64@1.7.11':
    optional: true

  '@rspack/binding-darwin-arm64@2.0.0-beta.9':
    optional: true

  '@rspack/binding-darwin-x64@1.7.11':
    optional: true

  '@rspack/binding-darwin-x64@2.0.0-beta.9':
    optional: true

  '@rspack/binding-linux-arm64-gnu@1.7.11':
    optional: true

  '@rspack/binding-linux-arm64-gnu@2.0.0-beta.9':
    optional: true

  '@rspack/binding-linux-arm64-musl@1.7.11':
    optional: true

  '@rspack/binding-linux-arm64-musl@2.0.0-beta.9':
    optional: true

  '@rspack/binding-linux-x64-gnu@1.7.11':
    optional: true

  '@rspack/binding-linux-x64-gnu@2.0.0-beta.9':
    optional: true

  '@rspack/binding-linux-x64-musl@1.7.11':
    optional: true

  '@rspack/binding-linux-x64-musl@2.0.0-beta.9':
    optional: true

  '@rspack/binding-wasm32-wasi@1.7.11':
    dependencies:
      '@napi-rs/wasm-runtime': 1.0.7
    optional: true

  '@rspack/binding-wasm32-wasi@2.0.0-beta.9':
    dependencies:
      '@napi-rs/wasm-runtime': 1.1.1
    optional: true

  '@rspack/binding-win32-arm64-msvc@1.7.11':
    optional: true

  '@rspack/binding-win32-arm64-msvc@2.0.0-beta.9':
    optional: true

  '@rspack/binding-win32-ia32-msvc@1.7.11':
    optional: true

  '@rspack/binding-win32-ia32-msvc@2.0.0-beta.9':
    optional: true

  '@rspack/binding-win32-x64-msvc@1.7.11':
    optional: true

  '@rspack/binding-win32-x64-msvc@2.0.0-beta.9':
    optional: true

  '@rspack/binding@1.7.11':
    optionalDependencies:
      '@rspack/binding-darwin-arm64': 1.7.11
      '@rspack/binding-darwin-x64': 1.7.11
      '@rspack/binding-linux-arm64-gnu': 1.7.11
      '@rspack/binding-linux-arm64-musl': 1.7.11
      '@rspack/binding-linux-x64-gnu': 1.7.11
      '@rspack/binding-linux-x64-musl': 1.7.11
      '@rspack/binding-wasm32-wasi': 1.7.11
      '@rspack/binding-win32-arm64-msvc': 1.7.11
      '@rspack/binding-win32-ia32-msvc': 1.7.11
      '@rspack/binding-win32-x64-msvc': 1.7.11

  '@rspack/binding@2.0.0-beta.9':
    optionalDependencies:
      '@rspack/binding-darwin-arm64': 2.0.0-beta.9
      '@rspack/binding-darwin-x64': 2.0.0-beta.9
      '@rspack/binding-linux-arm64-gnu': 2.0.0-beta.9
      '@rspack/binding-linux-arm64-musl': 2.0.0-beta.9
      '@rspack/binding-linux-x64-gnu': 2.0.0-beta.9
      '@rspack/binding-linux-x64-musl': 2.0.0-beta.9
      '@rspack/binding-wasm32-wasi': 2.0.0-beta.9
      '@rspack/binding-win32-arm64-msvc': 2.0.0-beta.9
      '@rspack/binding-win32-ia32-msvc': 2.0.0-beta.9
      '@rspack/binding-win32-x64-msvc': 2.0.0-beta.9

  '@rspack/core@1.7.11(@swc/helpers@0.5.20)':
    dependencies:
      '@module-federation/runtime-tools': 0.22.0
      '@rspack/binding': 1.7.11
      '@rspack/lite-tapable': 1.1.0
    optionalDependencies:
      '@swc/helpers': 0.5.20

  '@rspack/core@2.0.0-beta.9(@swc/helpers@0.5.20)':
    dependencies:
      '@rspack/binding': 2.0.0-beta.9
    optionalDependencies:
      '@swc/helpers': 0.5.20

  '@rspack/lite-tapable@1.1.0': {}

  '@swc/helpers@0.5.20':
    dependencies:
      tslib: 2.8.1

  '@tybys/wasm-util@0.10.1':
    dependencies:
      tslib: 2.8.1
    optional: true

  '@types/node@24.12.0':
    dependencies:
      undici-types: 7.16.0

  core-js@3.47.0: {}

  fsevents@2.3.2:
    optional: true

  jiti@2.6.1: {}

  playwright-core@1.59.0: {}

  playwright@1.59.0:
    dependencies:
      playwright-core: 1.59.0
    optionalDependencies:
      fsevents: 2.3.2

  rsbuild-plugin-dts@0.20.2(@rsbuild/core@2.0.0-beta.11(core-js@3.47.0))(typescript@5.9.3):
    dependencies:
      '@ast-grep/napi': 0.37.0
      '@rsbuild/core': 2.0.0-beta.11(core-js@3.47.0)
    optionalDependencies:
      typescript: 5.9.3

  simple-git-hooks@2.13.1: {}

  tslib@2.8.1: {}

  typescript@5.9.3: {}

  undici-types@7.16.0: {}
